
Microsoft Visual Studio Solution File, Format Version 12.00
# Visual Studio Version 17
VisualStudioVersion = 17.6.33723.286
MinimumVisualStudioVersion = 10.0.40219.1
Project("{FAE04EC0-301F-11D3-BF4B-00C04F79EFBC}") = "DinoRunningGame", "DinoRunningGame.csproj", "{A13142D5-360F-47B7-8032-6CDE48BD33BB}"
EndProject
Global
	GlobalSection(SolutionConfigurationPlatforms) = preSolution
		Debug|Any CPU = Debug|Any CPU
		Release|Any CPU = Release|Any CPU
	EndGlobalSection
	GlobalSection(ProjectConfigurationPlatforms) = postSolution
		{A13142D5-360F-47B7-8032-6CDE48BD33BB}.Debug|Any CPU.ActiveCfg = Debug|Any CPU
		{A13142D5-360F-47B7-8032-6CDE48BD33BB}.Debug|Any CPU.Build.0 = Debug|Any CPU
		{A13142D5-360F-47B7-8032-6CDE48BD33BB}.Release|Any CPU.ActiveCfg = Release|Any CPU
		{A13142D5-360F-47B7-8032-6CDE48BD33BB}.Release|Any CPU.Build.0 = Release|Any CPU
	EndGlobalSection
	GlobalSection(SolutionProperties) = preSolution
		HideSolutionNode = FALSE
	EndGlobalSection
	GlobalSection(ExtensibilityGlobals) = postSolution
		SolutionGuid = {556FA2E8-2F06-47F1-8AFD-85E6C4111053}
	EndGlobalSection
EndGlobal
