
Microsoft Visual Studio Solution File, Format Version 12.00
# Visual Studio Version 17
VisualStudioVersion = 17.5.33414.496
MinimumVisualStudioVersion = 10.0.40219.1
Project("{FAE04EC0-301F-11D3-BF4B-00C04F79EFBC}") = "MathhQuizz", "MathhQuizz.csproj", "{3CB64822-E136-411B-BE58-20234D4513EF}"
EndProject
Global
	GlobalSection(SolutionConfigurationPlatforms) = preSolution
		Debug|Any CPU = Debug|Any CPU
		Release|Any CPU = Release|Any CPU
	EndGlobalSection
	GlobalSection(ProjectConfigurationPlatforms) = postSolution
		{3CB64822-E136-411B-BE58-20234D4513EF}.Debug|Any CPU.ActiveCfg = Debug|Any CPU
		{3CB64822-E136-411B-BE58-20234D4513EF}.Debug|Any CPU.Build.0 = Debug|Any CPU
		{3CB64822-E136-411B-BE58-20234D4513EF}.Release|Any CPU.ActiveCfg = Release|Any CPU
		{3CB64822-E136-411B-BE58-20234D4513EF}.Release|Any CPU.Build.0 = Release|Any CPU
	EndGlobalSection
	GlobalSection(SolutionProperties) = preSolution
		HideSolutionNode = FALSE
	EndGlobalSection
	GlobalSection(ExtensibilityGlobals) = postSolution
		SolutionGuid = {C2D331DE-6061-4B6D-92C3-9726D05088C1}
	EndGlobalSection
EndGlobal
